
Microsoft Visual Studio Solution File, Format Version 12.00
Project("{FAE04EC0-301F-11D3-BF4B-00C04F79EFBC}") = "HelloWorld", "HelloWorld\HelloWorld.csproj", "{02E837DD-E276-4DE8-A44A-344BDF7B1570}"
EndProject
Project("{FAE04EC0-301F-11D3-BF4B-00C04F79EFBC}") = "simplePasswordCracking", "simplePasswordCracking\simplePasswordCracking.csproj", "{9F84D37F-5275-4F43-A736-F314B85DFAEB}"
EndProject
Global
	GlobalSection(SolutionConfigurationPlatforms) = preSolution
		Debug|Any CPU = Debug|Any CPU
		Release|Any CPU = Release|Any CPU
	EndGlobalSection
	GlobalSection(ProjectConfigurationPlatforms) = postSolution
		{02E837DD-E276-4DE8-A44A-344BDF7B1570}.Debug|Any CPU.ActiveCfg = Debug|Any CPU
		{02E837DD-E276-4DE8-A44A-344BDF7B1570}.Debug|Any CPU.Build.0 = Debug|Any CPU
		{02E837DD-E276-4DE8-A44A-344BDF7B1570}.Release|Any CPU.ActiveCfg = Release|Any CPU
		{02E837DD-E276-4DE8-A44A-344BDF7B1570}.Release|Any CPU.Build.0 = Release|Any CPU
		{9F84D37F-5275-4F43-A736-F314B85DFAEB}.Debug|Any CPU.ActiveCfg = Debug|Any CPU
		{9F84D37F-5275-4F43-A736-F314B85DFAEB}.Debug|Any CPU.Build.0 = Debug|Any CPU
		{9F84D37F-5275-4F43-A736-F314B85DFAEB}.Release|Any CPU.ActiveCfg = Release|Any CPU
		{9F84D37F-5275-4F43-A736-F314B85DFAEB}.Release|Any CPU.Build.0 = Release|Any CPU
	EndGlobalSection
EndGlobal
